
Microsoft Visual Studio Solution File, Format Version 12.00
# Visual Studio Version 17
VisualStudioVersion = 17.14.36414.22 d17.14
MinimumVisualStudioVersion = 10.0.40219.1
Project("{FAE04EC0-301F-11D3-BF4B-00C04F79EFBC}") = "AsyncWork", "AsyncWork.csproj", "{5E01E134-7C24-4C7F-9308-6D02AC2382B4}"
EndProject
Global
	GlobalSection(SolutionConfigurationPlatforms) = preSolution
		Debug|Any CPU = Debug|Any CPU
		Release|Any CPU = Release|Any CPU
	EndGlobalSection
	GlobalSection(ProjectConfigurationPlatforms) = postSolution
		{5E01E134-7C24-4C7F-9308-6D02AC2382B4}.Debug|Any CPU.ActiveCfg = Debug|Any CPU
		{5E01E134-7C24-4C7F-9308-6D02AC2382B4}.Debug|Any CPU.Build.0 = Debug|Any CPU
		{5E01E134-7C24-4C7F-9308-6D02AC2382B4}.Release|Any CPU.ActiveCfg = Release|Any CPU
		{5E01E134-7C24-4C7F-9308-6D02AC2382B4}.Release|Any CPU.Build.0 = Release|Any CPU
	EndGlobalSection
	GlobalSection(SolutionProperties) = preSolution
		HideSolutionNode = FALSE
	EndGlobalSection
	GlobalSection(ExtensibilityGlobals) = postSolution
		SolutionGuid = {536F2719-4A65-46F0-B826-B3C198B343C1}
	EndGlobalSection
EndGlobal
